
Microsoft Visual Studio Solution File, Format Version 12.00
# Visual Studio Version 17
VisualStudioVersion = 17.0.32112.339
MinimumVisualStudioVersion = 10.0.40219.1
Project("{FAE04EC0-301F-11D3-BF4B-00C04F79EFBC}") = "Assembly-CSharp", "Assembly-CSharp.csproj", "{49C1A048-C122-C8FB-92A4-F97641853757}"
EndProject
Project("{FAE04EC0-301F-11D3-BF4B-00C04F79EFBC}") = "Assembly-CSharp-Editor", "Assembly-CSharp-Editor.csproj", "{F5AA684F-0E9B-A976-A916-81AF4DD3BDBF}"
EndProject
Global
	GlobalSection(SolutionConfigurationPlatforms) = preSolution
		Debug|Any CPU = Debug|Any CPU
		Release|Any CPU = Release|Any CPU
	EndGlobalSection
	GlobalSection(ProjectConfigurationPlatforms) = postSolution
		{49C1A048-C122-C8FB-92A4-F97641853757}.Debug|Any CPU.ActiveCfg = Debug|Any CPU
		{49C1A048-C122-C8FB-92A4-F97641853757}.Debug|Any CPU.Build.0 = Debug|Any CPU
		{49C1A048-C122-C8FB-92A4-F97641853757}.Release|Any CPU.ActiveCfg = Release|Any CPU
		{49C1A048-C122-C8FB-92A4-F97641853757}.Release|Any CPU.Build.0 = Release|Any CPU
		{F5AA684F-0E9B-A976-A916-81AF4DD3BDBF}.Debug|Any CPU.ActiveCfg = Debug|Any CPU
		{F5AA684F-0E9B-A976-A916-81AF4DD3BDBF}.Debug|Any CPU.Build.0 = Debug|Any CPU
		{F5AA684F-0E9B-A976-A916-81AF4DD3BDBF}.Release|Any CPU.ActiveCfg = Release|Any CPU
		{F5AA684F-0E9B-A976-A916-81AF4DD3BDBF}.Release|Any CPU.Build.0 = Release|Any CPU
	EndGlobalSection
	GlobalSection(SolutionProperties) = preSolution
		HideSolutionNode = FALSE
	EndGlobalSection
	GlobalSection(ExtensibilityGlobals) = postSolution
		SolutionGuid = {3077BCEE-53A7-4A80-B1BB-C6A0BFDFA6BF}
	EndGlobalSection
EndGlobal
